
Microsoft Visual Studio Solution File, Format Version 12.00
# Visual Studio 14
VisualStudioVersion = 14.0.23107.0
MinimumVisualStudioVersion = 10.0.40219.1
Project("{FAE04EC0-301F-11D3-BF4B-00C04F79EFBC}") = "PinTinNano", "PinTinNano\PinTinNano.csproj", "{7B24A369-BFB9-419C-BF87-D930BCEF12E9}"
EndProject
Project("{FAE04EC0-301F-11D3-BF4B-00C04F79EFBC}") = "PinTin.Commons", "PinTin.Commons\PinTin.Commons.csproj", "{AD6F0630-FA8B-4799-8D6C-4872E6EE59FE}"
EndProject
Project("{FAE04EC0-301F-11D3-BF4B-00C04F79EFBC}") = "PinTin.Core", "PinTin.Core\PinTin.Core.csproj", "{FE2A2EE7-DD7E-4E9A-8F33-A722EAF6E111}"
EndProject
Global
	GlobalSection(SolutionConfigurationPlatforms) = preSolution
		Debug|Any CPU = Debug|Any CPU
		Release|Any CPU = Release|Any CPU
	EndGlobalSection
	GlobalSection(ProjectConfigurationPlatforms) = postSolution
		{7B24A369-BFB9-419C-BF87-D930BCEF12E9}.Debug|Any CPU.ActiveCfg = Debug|Any CPU
		{7B24A369-BFB9-419C-BF87-D930BCEF12E9}.Debug|Any CPU.Build.0 = Debug|Any CPU
		{7B24A369-BFB9-419C-BF87-D930BCEF12E9}.Release|Any CPU.ActiveCfg = Release|Any CPU
		{7B24A369-BFB9-419C-BF87-D930BCEF12E9}.Release|Any CPU.Build.0 = Release|Any CPU
		{AD6F0630-FA8B-4799-8D6C-4872E6EE59FE}.Debug|Any CPU.ActiveCfg = Debug|Any CPU
		{AD6F0630-FA8B-4799-8D6C-4872E6EE59FE}.Debug|Any CPU.Build.0 = Debug|Any CPU
		{AD6F0630-FA8B-4799-8D6C-4872E6EE59FE}.Release|Any CPU.ActiveCfg = Release|Any CPU
		{AD6F0630-FA8B-4799-8D6C-4872E6EE59FE}.Release|Any CPU.Build.0 = Release|Any CPU
		{FE2A2EE7-DD7E-4E9A-8F33-A722EAF6E111}.Debug|Any CPU.ActiveCfg = Debug|Any CPU
		{FE2A2EE7-DD7E-4E9A-8F33-A722EAF6E111}.Debug|Any CPU.Build.0 = Debug|Any CPU
		{FE2A2EE7-DD7E-4E9A-8F33-A722EAF6E111}.Release|Any CPU.ActiveCfg = Release|Any CPU
		{FE2A2EE7-DD7E-4E9A-8F33-A722EAF6E111}.Release|Any CPU.Build.0 = Release|Any CPU
	EndGlobalSection
	GlobalSection(SolutionProperties) = preSolution
		HideSolutionNode = FALSE
	EndGlobalSection
EndGlobal
